
Microsoft Visual Studio Solution File, Format Version 12.00
# Visual Studio 2012
Project("{FAE04EC0-301F-11D3-BF4B-00C04F79EFBC}") = "zfitCommon", "zfitCommon\zfitCommon.csproj", "{B879BC24-E13A-48BA-84E9-03254C9E07CD}"
EndProject
Global
	GlobalSection(SolutionConfigurationPlatforms) = preSolution
		Debug|Any CPU = Debug|Any CPU
		Release|Any CPU = Release|Any CPU
	EndGlobalSection
	GlobalSection(ProjectConfigurationPlatforms) = postSolution
		{B879BC24-E13A-48BA-84E9-03254C9E07CD}.Debug|Any CPU.ActiveCfg = Debug|Any CPU
		{B879BC24-E13A-48BA-84E9-03254C9E07CD}.Debug|Any CPU.Build.0 = Debug|Any CPU
		{B879BC24-E13A-48BA-84E9-03254C9E07CD}.Release|Any CPU.ActiveCfg = Release|Any CPU
		{B879BC24-E13A-48BA-84E9-03254C9E07CD}.Release|Any CPU.Build.0 = Release|Any CPU
	EndGlobalSection
	GlobalSection(SolutionProperties) = preSolution
		HideSolutionNode = FALSE
	EndGlobalSection
EndGlobal
