
Microsoft Visual Studio Solution File, Format Version 12.00
# Visual Studio 2012
Project("{FAE04EC0-301F-11D3-BF4B-00C04F79EFBC}") = "zfitConsumer", "zfitConsumer\zfitConsumer.csproj", "{94117D3B-057E-4AC7-85D6-1A3D2A248424}"
EndProject
Global
	GlobalSection(SolutionConfigurationPlatforms) = preSolution
		Debug|Any CPU = Debug|Any CPU
		Release|Any CPU = Release|Any CPU
	EndGlobalSection
	GlobalSection(ProjectConfigurationPlatforms) = postSolution
		{94117D3B-057E-4AC7-85D6-1A3D2A248424}.Debug|Any CPU.ActiveCfg = Debug|Any CPU
		{94117D3B-057E-4AC7-85D6-1A3D2A248424}.Debug|Any CPU.Build.0 = Debug|Any CPU
		{94117D3B-057E-4AC7-85D6-1A3D2A248424}.Release|Any CPU.ActiveCfg = Release|Any CPU
		{94117D3B-057E-4AC7-85D6-1A3D2A248424}.Release|Any CPU.Build.0 = Release|Any CPU
	EndGlobalSection
	GlobalSection(SolutionProperties) = preSolution
		HideSolutionNode = FALSE
	EndGlobalSection
EndGlobal
